# This file was autogenerated by uv via the following command:
#    uv 0.11.15 pip compile requirements.txt for CPython 3.13.12 on macOS arm64
--index-url https://pypi.org/simple

mlx==0.32.0 \
    --hash=sha256:0a0e38a409b9cae29647ec9e75ce9747b224ce7e5d91adbfad7eac37b6118ffd \
    --hash=sha256:102043c6455fe0939509c1e96caec4678f51e241981238da97c83beeed5653f6 \
    --hash=sha256:13ac6469479cda4bfd6954e0b574b92930b87073f7c79be121a68b31a3a6c596 \
    --hash=sha256:13f793c354ea9dc589bbd113f4b7d299900fb440199bbb403546845852b2499b \
    --hash=sha256:23e83c8e74a23156696e9f9905d16a17b7d27b5a596c1bc0f720a98df1c5aadf \
    --hash=sha256:253c5d20c573b277fc64a3eec491984e7ad4c64f9b246c1b3fee903b7d1db824 \
    --hash=sha256:2a180cd39ac68b397b85cc4658d0b8e0ab58166c2549fc9ab2ca5f99d15ef0c3 \
    --hash=sha256:2ee79b1f8c2c2a329afc95ece7dce0be798d43f3de771a6370d2b9f9702bbd9a \
    --hash=sha256:2f41445eb4b5c5bfe44f6635d0be3564485bd983de405772f7e4f17fbd6e3a9b \
    --hash=sha256:316106a764da928f057b40838315a64713040600a4596a806a9cbb5f5a1b8e26 \
    --hash=sha256:4192a2d02014a13a6a1030bf13dfb4e4fe05ec3ffa47678ee37da29111e25cb1 \
    --hash=sha256:4c8925d9d22d57b26885cb0858d2d4463d7526b17363c166820db5ea949731ad \
    --hash=sha256:4edffbdb1f7c185e35dc4e48611966d012b1dda9225a0dabd0fbd31651374a71 \
    --hash=sha256:50bc29bfaf31dff5138a472b56963bd6ece0fa67800c6c382745aaa41126d01f \
    --hash=sha256:5d5041205173e44f176d00b8119e7db7802c298a0f845486f0281c45122646ed \
    --hash=sha256:72c605368d145c756877057d7e3c54f169c9899fe1f83232bfb3a6342561e234 \
    --hash=sha256:73303259f2bda7fb4a0c782a7299e0e28a2890b9b6fbfc4b635fb8032208ec7e \
    --hash=sha256:78804098c9f64978b6048ffdfd78689b9e06efa2a530c541d0bd73ce44d2f589 \
    --hash=sha256:7c8d3a7b506ab45b3f7976495126c16830d988ec53289134b2bb64dae1efb835 \
    --hash=sha256:8637003c6eb089443d149fdb483f5d7a7846d6cc43d112148d7aa07cf1356c04 \
    --hash=sha256:8dfb577faa4dc413cfd0d6eb78f230d3b3b6169df4473e84408abdeb21346e9d \
    --hash=sha256:9fea39d8ecf1d08e5c3d5d70936d5a1ca6b890353c1b0b96c4e6232349d48e36 \
    --hash=sha256:abb786ee1e9638759be82583222fc7d09c5650ef90ad2b7c5da7d1931a8676dc \
    --hash=sha256:b0fdec519890dd3aa295920940356295012dea3a0390f229cd08d72890888427 \
    --hash=sha256:c6feb17e32160b70c7634aab925cf3f8c5c7bebbf99f227c48450478e1008af2 \
    --hash=sha256:deb284f3a5cd0c3e87bed80c2bee9dcbf946bdad44d75592f6fb784da878c1c0 \
    --hash=sha256:df6fa6785fb7a6f8d8e3e91c41074c885aa253b09c2b69e3c4d4f905e3c457e3 \
    --hash=sha256:e0db558267bb2d13fac4f85674456adbe0f085c570b9219e03d4e95fdc11c4d0 \
    --hash=sha256:e51e0a000e35998e2a1ea69b3ff5f68cd9a2ff9f58d60bef73bc29b5e3af4a55 \
    --hash=sha256:e5cdb9bf7c1a9320827a65f7ed63e3742d5b9280d31affc0c277e77982d465ae \
    --hash=sha256:e5f778001562ccce26cf6e5be1050d2afc78e2902bad206201ab9f5a6d0f886a \
    --hash=sha256:ea5a594355c89c0095eaba413fd39d4caa8642fa13432dfb0c9354d141046467 \
    --hash=sha256:f67557bd9ce31cbb519b39e9455b19cca698eb153ab6f4deef5b4d5509d94df3 \
    --hash=sha256:fea003b4e471976f55b40b7bb7943c7b054e1edb011d5b15b1b964905ab7785a
    # via -r requirements.txt
    # from https://pypi.org/simple
mlx-metal==0.32.0 \
    --hash=sha256:1bd94a1ce5b03a0c898771a3e759f0124300c6ab5155127906a1d50b1f3fcf19 \
    --hash=sha256:3af76a498d84804f66119800499f9d143d7dffb0878a0dd0d7c2846e58565fd7 \
    --hash=sha256:5b64b20ac24b0c401f489de01e8209edc4d372125201f19314e6f39e385322aa
    # via mlx
    # from https://pypi.org/simple
nanobind==2.10.2 \
    --hash=sha256:08509910ce6d1fadeed69cb0880d4d4fcb77739c6af9bd8fb4419391a3ca4c6b \
    --hash=sha256:6976c1b04b90481d2612b346485a3063818c6faa5077fe9d8bbc9b5fbe29c380
    # via -r requirements.txt
    # from https://pypi.org/simple
